
Microsoft Visual Studio Solution File, Format Version 12.00
# Visual Studio 2012
Project("{FAE04EC0-301F-11D3-BF4B-00C04F79EFBC}") = "BlackyC", "BlackyC\BlackyC.csproj", "{1F47B976-C01B-4441-A074-89A39830E83D}"
EndProject
Global
	GlobalSection(SolutionConfigurationPlatforms) = preSolution
		Debug|Any CPU = Debug|Any CPU
		Release|Any CPU = Release|Any CPU
	EndGlobalSection
	GlobalSection(ProjectConfigurationPlatforms) = postSolution
		{1F47B976-C01B-4441-A074-89A39830E83D}.Debug|Any CPU.ActiveCfg = Debug|Any CPU
		{1F47B976-C01B-4441-A074-89A39830E83D}.Debug|Any CPU.Build.0 = Debug|Any CPU
		{1F47B976-C01B-4441-A074-89A39830E83D}.Release|Any CPU.ActiveCfg = Release|Any CPU
		{1F47B976-C01B-4441-A074-89A39830E83D}.Release|Any CPU.Build.0 = Release|Any CPU
	EndGlobalSection
	GlobalSection(SolutionProperties) = preSolution
		HideSolutionNode = FALSE
	EndGlobalSection
EndGlobal
